
Microsoft Visual Studio Solution File, Format Version 12.00
Project("{FAE04EC0-301F-11D3-BF4B-00C04F79EFBC}") = "CurrencyConverter", "CurrencyConverter.csproj", "{DFF85EE7-BF01-4653-89B5-8D0B1E9E88E2}"
EndProject
Global
	GlobalSection(SolutionConfigurationPlatforms) = preSolution
		Debug|Any CPU = Debug|Any CPU
		Release|Any CPU = Release|Any CPU
	EndGlobalSection
	GlobalSection(ProjectConfigurationPlatforms) = postSolution
		{DFF85EE7-BF01-4653-89B5-8D0B1E9E88E2}.Debug|Any CPU.ActiveCfg = Debug|Any CPU
		{DFF85EE7-BF01-4653-89B5-8D0B1E9E88E2}.Debug|Any CPU.Build.0 = Debug|Any CPU
		{DFF85EE7-BF01-4653-89B5-8D0B1E9E88E2}.Release|Any CPU.ActiveCfg = Release|Any CPU
		{DFF85EE7-BF01-4653-89B5-8D0B1E9E88E2}.Release|Any CPU.Build.0 = Release|Any CPU
	EndGlobalSection
EndGlobal
